
Microsoft Visual Studio Solution File, Format Version 12.00
# Visual Studio Version 16
VisualStudioVersion = 16.0.34729.46
MinimumVisualStudioVersion = 10.0.40219.1
Project("{9A19103F-16F7-4668-BE54-9A1E7A4F7556}") = "CSharpTrainingP1", "CSharpTrainingP1\CSharpTrainingP1.csproj", "{8CC15C54-9E80-4786-AFC0-31285A4F49D8}"
EndProject
Project("{9A19103F-16F7-4668-BE54-9A1E7A4F7556}") = "Lesson01", "Lesson01\Lesson01.csproj", "{4E9E6587-956B-4D4D-A492-386C35221F77}"
EndProject
Project("{9A19103F-16F7-4668-BE54-9A1E7A4F7556}") = "Practice01", "Practice01\Practice01.csproj", "{F5D3A217-BF92-4C26-B0B6-C30CFE15C787}"
EndProject
Project("{9A19103F-16F7-4668-BE54-9A1E7A4F7556}") = "Support", "Support\Support.csproj", "{D941F67E-85E8-44C7-A021-82A5F3422CA9}"
EndProject
Project("{9A19103F-16F7-4668-BE54-9A1E7A4F7556}") = "HomeWork01", "HomeWork01\HomeWork01.csproj", "{FD3E77F3-0667-4348-89B8-21FCB74C4A94}"
EndProject
Project("{9A19103F-16F7-4668-BE54-9A1E7A4F7556}") = "Lesson02", "Lesson02\Lesson02.csproj", "{00B919BF-C3FE-4C8F-ACEA-89A8D4280B47}"
EndProject
Project("{9A19103F-16F7-4668-BE54-9A1E7A4F7556}") = "Practice02", "Practice02\Practice02.csproj", "{D026B389-41B2-4AC7-AFE8-37A79B5AB9C5}"
EndProject
Project("{9A19103F-16F7-4668-BE54-9A1E7A4F7556}") = "HomeWork02", "HomeWork02\HomeWork02.csproj", "{92952384-4901-4317-93FC-F20F6041FE7A}"
EndProject
Project("{FAE04EC0-301F-11D3-BF4B-00C04F79EFBC}") = "Lesson03", "Lesson03\Lesson03.csproj", "{1E666556-9D06-4C96-B128-7EFF87BF0B19}"
EndProject
Global
	GlobalSection(SolutionConfigurationPlatforms) = preSolution
		Debug|Any CPU = Debug|Any CPU
		Release|Any CPU = Release|Any CPU
	EndGlobalSection
	GlobalSection(ProjectConfigurationPlatforms) = postSolution
		{8CC15C54-9E80-4786-AFC0-31285A4F49D8}.Debug|Any CPU.ActiveCfg = Debug|Any CPU
		{8CC15C54-9E80-4786-AFC0-31285A4F49D8}.Debug|Any CPU.Build.0 = Debug|Any CPU
		{8CC15C54-9E80-4786-AFC0-31285A4F49D8}.Release|Any CPU.ActiveCfg = Release|Any CPU
		{8CC15C54-9E80-4786-AFC0-31285A4F49D8}.Release|Any CPU.Build.0 = Release|Any CPU
		{4E9E6587-956B-4D4D-A492-386C35221F77}.Debug|Any CPU.ActiveCfg = Debug|Any CPU
		{4E9E6587-956B-4D4D-A492-386C35221F77}.Debug|Any CPU.Build.0 = Debug|Any CPU
		{4E9E6587-956B-4D4D-A492-386C35221F77}.Release|Any CPU.ActiveCfg = Release|Any CPU
		{4E9E6587-956B-4D4D-A492-386C35221F77}.Release|Any CPU.Build.0 = Release|Any CPU
		{F5D3A217-BF92-4C26-B0B6-C30CFE15C787}.Debug|Any CPU.ActiveCfg = Debug|Any CPU
		{F5D3A217-BF92-4C26-B0B6-C30CFE15C787}.Debug|Any CPU.Build.0 = Debug|Any CPU
		{F5D3A217-BF92-4C26-B0B6-C30CFE15C787}.Release|Any CPU.ActiveCfg = Release|Any CPU
		{F5D3A217-BF92-4C26-B0B6-C30CFE15C787}.Release|Any CPU.Build.0 = Release|Any CPU
		{D941F67E-85E8-44C7-A021-82A5F3422CA9}.Debug|Any CPU.ActiveCfg = Debug|Any CPU
		{D941F67E-85E8-44C7-A021-82A5F3422CA9}.Debug|Any CPU.Build.0 = Debug|Any CPU
		{D941F67E-85E8-44C7-A021-82A5F3422CA9}.Release|Any CPU.ActiveCfg = Release|Any CPU
		{D941F67E-85E8-44C7-A021-82A5F3422CA9}.Release|Any CPU.Build.0 = Release|Any CPU
		{FD3E77F3-0667-4348-89B8-21FCB74C4A94}.Debug|Any CPU.ActiveCfg = Debug|Any CPU
		{FD3E77F3-0667-4348-89B8-21FCB74C4A94}.Debug|Any CPU.Build.0 = Debug|Any CPU
		{FD3E77F3-0667-4348-89B8-21FCB74C4A94}.Release|Any CPU.ActiveCfg = Release|Any CPU
		{FD3E77F3-0667-4348-89B8-21FCB74C4A94}.Release|Any CPU.Build.0 = Release|Any CPU
		{00B919BF-C3FE-4C8F-ACEA-89A8D4280B47}.Debug|Any CPU.ActiveCfg = Debug|Any CPU
		{00B919BF-C3FE-4C8F-ACEA-89A8D4280B47}.Debug|Any CPU.Build.0 = Debug|Any CPU
		{00B919BF-C3FE-4C8F-ACEA-89A8D4280B47}.Release|Any CPU.ActiveCfg = Release|Any CPU
		{00B919BF-C3FE-4C8F-ACEA-89A8D4280B47}.Release|Any CPU.Build.0 = Release|Any CPU
		{D026B389-41B2-4AC7-AFE8-37A79B5AB9C5}.Debug|Any CPU.ActiveCfg = Debug|Any CPU
		{D026B389-41B2-4AC7-AFE8-37A79B5AB9C5}.Debug|Any CPU.Build.0 = Debug|Any CPU
		{D026B389-41B2-4AC7-AFE8-37A79B5AB9C5}.Release|Any CPU.ActiveCfg = Release|Any CPU
		{D026B389-41B2-4AC7-AFE8-37A79B5AB9C5}.Release|Any CPU.Build.0 = Release|Any CPU
		{92952384-4901-4317-93FC-F20F6041FE7A}.Debug|Any CPU.ActiveCfg = Debug|Any CPU
		{92952384-4901-4317-93FC-F20F6041FE7A}.Debug|Any CPU.Build.0 = Debug|Any CPU
		{92952384-4901-4317-93FC-F20F6041FE7A}.Release|Any CPU.ActiveCfg = Release|Any CPU
		{92952384-4901-4317-93FC-F20F6041FE7A}.Release|Any CPU.Build.0 = Release|Any CPU
		{1E666556-9D06-4C96-B128-7EFF87BF0B19}.Debug|Any CPU.ActiveCfg = Debug|Any CPU
		{1E666556-9D06-4C96-B128-7EFF87BF0B19}.Debug|Any CPU.Build.0 = Debug|Any CPU
		{1E666556-9D06-4C96-B128-7EFF87BF0B19}.Release|Any CPU.ActiveCfg = Release|Any CPU
		{1E666556-9D06-4C96-B128-7EFF87BF0B19}.Release|Any CPU.Build.0 = Release|Any CPU
	EndGlobalSection
	GlobalSection(SolutionProperties) = preSolution
		HideSolutionNode = FALSE
	EndGlobalSection
	GlobalSection(ExtensibilityGlobals) = postSolution
		SolutionGuid = {F6332844-6302-4626-B3AC-B9E3978C4DC5}
	EndGlobalSection
EndGlobal
